
Microsoft Visual Studio Solution File, Format Version 12.00
# Visual Studio 15
VisualStudioVersion = 15.0.28307.1259
MinimumVisualStudioVersion = 10.0.40219.1
Project("{FAE04EC0-301F-11D3-BF4B-00C04F79EFBC}") = "P2PListSync.Android", "p2pListSync\p2pListSync.Android\P2PListSync.Android.csproj", "{24CE3C36-16B9-426D-AA0C-5961ECF8D88C}"
EndProject
Project("{9A19103F-16F7-4668-BE54-9A1E7A4F7556}") = "P2PListSync", "p2pListSync\p2pListSync\P2PListSync.csproj", "{4471B13E-0615-47ED-B83C-D619834A16C2}"
EndProject
Project("{FAE04EC0-301F-11D3-BF4B-00C04F79EFBC}") = "P2PListSync.iOS", "p2pListSync\p2pListSync.iOS\P2PListSync.iOS.csproj", "{477EC942-28E2-4649-BA45-8E4E80EDB339}"
EndProject
Project("{FAE04EC0-301F-11D3-BF4B-00C04F79EFBC}") = "P2PListSync.UWP", "p2pListSync\p2pListSync.UWP\P2PListSync.UWP.csproj", "{03E9BAF5-8965-426C-9283-C09B85D7E0F6}"
EndProject
Global
	GlobalSection(SolutionConfigurationPlatforms) = preSolution
		Debug|Any CPU = Debug|Any CPU
		Debug|ARM = Debug|ARM
		Debug|iPhone = Debug|iPhone
		Debug|iPhoneSimulator = Debug|iPhoneSimulator
		Debug|x64 = Debug|x64
		Debug|x86 = Debug|x86
		Release|Any CPU = Release|Any CPU
		Release|ARM = Release|ARM
		Release|iPhone = Release|iPhone
		Release|iPhoneSimulator = Release|iPhoneSimulator
		Release|x64 = Release|x64
		Release|x86 = Release|x86
	EndGlobalSection
	GlobalSection(ProjectConfigurationPlatforms) = postSolution
		{24CE3C36-16B9-426D-AA0C-5961ECF8D88C}.Debug|Any CPU.ActiveCfg = Debug|Any CPU
		{24CE3C36-16B9-426D-AA0C-5961ECF8D88C}.Debug|Any CPU.Build.0 = Debug|Any CPU
		{24CE3C36-16B9-426D-AA0C-5961ECF8D88C}.Debug|Any CPU.Deploy.0 = Debug|Any CPU
		{24CE3C36-16B9-426D-AA0C-5961ECF8D88C}.Debug|ARM.ActiveCfg = Debug|Any CPU
		{24CE3C36-16B9-426D-AA0C-5961ECF8D88C}.Debug|ARM.Build.0 = Debug|Any CPU
		{24CE3C36-16B9-426D-AA0C-5961ECF8D88C}.Debug|ARM.Deploy.0 = Debug|Any CPU
		{24CE3C36-16B9-426D-AA0C-5961ECF8D88C}.Debug|iPhone.ActiveCfg = Debug|Any CPU
		{24CE3C36-16B9-426D-AA0C-5961ECF8D88C}.Debug|iPhone.Build.0 = Debug|Any CPU
		{24CE3C36-16B9-426D-AA0C-5961ECF8D88C}.Debug|iPhone.Deploy.0 = Debug|Any CPU
		{24CE3C36-16B9-426D-AA0C-5961ECF8D88C}.Debug|iPhoneSimulator.ActiveCfg = Debug|Any CPU
		{24CE3C36-16B9-426D-AA0C-5961ECF8D88C}.Debug|iPhoneSimulator.Build.0 = Debug|Any CPU
		{24CE3C36-16B9-426D-AA0C-5961ECF8D88C}.Debug|iPhoneSimulator.Deploy.0 = Debug|Any CPU
		{24CE3C36-16B9-426D-AA0C-5961ECF8D88C}.Debug|x64.ActiveCfg = Debug|Any CPU
		{24CE3C36-16B9-426D-AA0C-5961ECF8D88C}.Debug|x64.Build.0 = Debug|Any CPU
		{24CE3C36-16B9-426D-AA0C-5961ECF8D88C}.Debug|x64.Deploy.0 = Debug|Any CPU
		{24CE3C36-16B9-426D-AA0C-5961ECF8D88C}.Debug|x86.ActiveCfg = Debug|Any CPU
		{24CE3C36-16B9-426D-AA0C-5961ECF8D88C}.Debug|x86.Build.0 = Debug|Any CPU
		{24CE3C36-16B9-426D-AA0C-5961ECF8D88C}.Debug|x86.Deploy.0 = Debug|Any CPU
		{24CE3C36-16B9-426D-AA0C-5961ECF8D88C}.Release|Any CPU.ActiveCfg = Release|Any CPU
		{24CE3C36-16B9-426D-AA0C-5961ECF8D88C}.Release|Any CPU.Build.0 = Release|Any CPU
		{24CE3C36-16B9-426D-AA0C-5961ECF8D88C}.Release|Any CPU.Deploy.0 = Release|Any CPU
		{24CE3C36-16B9-426D-AA0C-5961ECF8D88C}.Release|ARM.ActiveCfg = Release|Any CPU
		{24CE3C36-16B9-426D-AA0C-5961ECF8D88C}.Release|ARM.Build.0 = Release|Any CPU
		{24CE3C36-16B9-426D-AA0C-5961ECF8D88C}.Release|ARM.Deploy.0 = Release|Any CPU
		{24CE3C36-16B9-426D-AA0C-5961ECF8D88C}.Release|iPhone.ActiveCfg = Release|Any CPU
		{24CE3C36-16B9-426D-AA0C-5961ECF8D88C}.Release|iPhone.Build.0 = Release|Any CPU
		{24CE3C36-16B9-426D-AA0C-5961ECF8D88C}.Release|iPhone.Deploy.0 = Release|Any CPU
		{24CE3C36-16B9-426D-AA0C-5961ECF8D88C}.Release|iPhoneSimulator.ActiveCfg = Release|Any CPU
		{24CE3C36-16B9-426D-AA0C-5961ECF8D88C}.Release|iPhoneSimulator.Build.0 = Release|Any CPU
		{24CE3C36-16B9-426D-AA0C-5961ECF8D88C}.Release|iPhoneSimulator.Deploy.0 = Release|Any CPU
		{24CE3C36-16B9-426D-AA0C-5961ECF8D88C}.Release|x64.ActiveCfg = Release|Any CPU
		{24CE3C36-16B9-426D-AA0C-5961ECF8D88C}.Release|x64.Build.0 = Release|Any CPU
		{24CE3C36-16B9-426D-AA0C-5961ECF8D88C}.Release|x64.Deploy.0 = Release|Any CPU
		{24CE3C36-16B9-426D-AA0C-5961ECF8D88C}.Release|x86.ActiveCfg = Release|Any CPU
		{24CE3C36-16B9-426D-AA0C-5961ECF8D88C}.Release|x86.Build.0 = Release|Any CPU
		{24CE3C36-16B9-426D-AA0C-5961ECF8D88C}.Release|x86.Deploy.0 = Release|Any CPU
		{4471B13E-0615-47ED-B83C-D619834A16C2}.Debug|Any CPU.ActiveCfg = Debug|Any CPU
		{4471B13E-0615-47ED-B83C-D619834A16C2}.Debug|Any CPU.Build.0 = Debug|Any CPU
		{4471B13E-0615-47ED-B83C-D619834A16C2}.Debug|Any CPU.Deploy.0 = Debug|Any CPU
		{4471B13E-0615-47ED-B83C-D619834A16C2}.Debug|ARM.ActiveCfg = Debug|Any CPU
		{4471B13E-0615-47ED-B83C-D619834A16C2}.Debug|ARM.Build.0 = Debug|Any CPU
		{4471B13E-0615-47ED-B83C-D619834A16C2}.Debug|ARM.Deploy.0 = Debug|Any CPU
		{4471B13E-0615-47ED-B83C-D619834A16C2}.Debug|iPhone.ActiveCfg = Debug|Any CPU
		{4471B13E-0615-47ED-B83C-D619834A16C2}.Debug|iPhone.Build.0 = Debug|Any CPU
		{4471B13E-0615-47ED-B83C-D619834A16C2}.Debug|iPhone.Deploy.0 = Debug|Any CPU
		{4471B13E-0615-47ED-B83C-D619834A16C2}.Debug|iPhoneSimulator.ActiveCfg = Debug|Any CPU
		{4471B13E-0615-47ED-B83C-D619834A16C2}.Debug|iPhoneSimulator.Build.0 = Debug|Any CPU
		{4471B13E-0615-47ED-B83C-D619834A16C2}.Debug|iPhoneSimulator.Deploy.0 = Debug|Any CPU
		{4471B13E-0615-47ED-B83C-D619834A16C2}.Debug|x64.ActiveCfg = Debug|Any CPU
		{4471B13E-0615-47ED-B83C-D619834A16C2}.Debug|x64.Build.0 = Debug|Any CPU
		{4471B13E-0615-47ED-B83C-D619834A16C2}.Debug|x64.Deploy.0 = Debug|Any CPU
		{4471B13E-0615-47ED-B83C-D619834A16C2}.Debug|x86.ActiveCfg = Debug|Any CPU
		{4471B13E-0615-47ED-B83C-D619834A16C2}.Debug|x86.Build.0 = Debug|Any CPU
		{4471B13E-0615-47ED-B83C-D619834A16C2}.Debug|x86.Deploy.0 = Debug|Any CPU
		{4471B13E-0615-47ED-B83C-D619834A16C2}.Release|Any CPU.ActiveCfg = Release|Any CPU
		{4471B13E-0615-47ED-B83C-D619834A16C2}.Release|Any CPU.Build.0 = Release|Any CPU
		{4471B13E-0615-47ED-B83C-D619834A16C2}.Release|Any CPU.Deploy.0 = Release|Any CPU
		{4471B13E-0615-47ED-B83C-D619834A16C2}.Release|ARM.ActiveCfg = Release|Any CPU
		{4471B13E-0615-47ED-B83C-D619834A16C2}.Release|ARM.Build.0 = Release|Any CPU
		{4471B13E-0615-47ED-B83C-D619834A16C2}.Release|ARM.Deploy.0 = Release|Any CPU
		{4471B13E-0615-47ED-B83C-D619834A16C2}.Release|iPhone.ActiveCfg = Release|Any CPU
		{4471B13E-0615-47ED-B83C-D619834A16C2}.Release|iPhone.Build.0 = Release|Any CPU
		{4471B13E-0615-47ED-B83C-D619834A16C2}.Release|iPhone.Deploy.0 = Release|Any CPU
		{4471B13E-0615-47ED-B83C-D619834A16C2}.Release|iPhoneSimulator.ActiveCfg = Release|Any CPU
		{4471B13E-0615-47ED-B83C-D619834A16C2}.Release|iPhoneSimulator.Build.0 = Release|Any CPU
		{4471B13E-0615-47ED-B83C-D619834A16C2}.Release|iPhoneSimulator.Deploy.0 = Release|Any CPU
		{4471B13E-0615-47ED-B83C-D619834A16C2}.Release|x64.ActiveCfg = Release|Any CPU
		{4471B13E-0615-47ED-B83C-D619834A16C2}.Release|x64.Build.0 = Release|Any CPU
		{4471B13E-0615-47ED-B83C-D619834A16C2}.Release|x64.Deploy.0 = Release|Any CPU
		{4471B13E-0615-47ED-B83C-D619834A16C2}.Release|x86.ActiveCfg = Release|Any CPU
		{4471B13E-0615-47ED-B83C-D619834A16C2}.Release|x86.Build.0 = Release|Any CPU
		{4471B13E-0615-47ED-B83C-D619834A16C2}.Release|x86.Deploy.0 = Release|Any CPU
		{477EC942-28E2-4649-BA45-8E4E80EDB339}.Debug|Any CPU.ActiveCfg = Debug|iPhoneSimulator
		{477EC942-28E2-4649-BA45-8E4E80EDB339}.Debug|Any CPU.Build.0 = Debug|iPhoneSimulator
		{477EC942-28E2-4649-BA45-8E4E80EDB339}.Debug|Any CPU.Deploy.0 = Debug|iPhoneSimulator
		{477EC942-28E2-4649-BA45-8E4E80EDB339}.Debug|ARM.ActiveCfg = Debug|iPhone
		{477EC942-28E2-4649-BA45-8E4E80EDB339}.Debug|ARM.Build.0 = Debug|iPhone
		{477EC942-28E2-4649-BA45-8E4E80EDB339}.Debug|ARM.Deploy.0 = Debug|iPhone
		{477EC942-28E2-4649-BA45-8E4E80EDB339}.Debug|iPhone.ActiveCfg = Debug|iPhone
		{477EC942-28E2-4649-BA45-8E4E80EDB339}.Debug|iPhone.Build.0 = Debug|iPhone
		{477EC942-28E2-4649-BA45-8E4E80EDB339}.Debug|iPhone.Deploy.0 = Debug|iPhone
		{477EC942-28E2-4649-BA45-8E4E80EDB339}.Debug|iPhoneSimulator.ActiveCfg = Debug|iPhoneSimulator
		{477EC942-28E2-4649-BA45-8E4E80EDB339}.Debug|iPhoneSimulator.Build.0 = Debug|iPhoneSimulator
		{477EC942-28E2-4649-BA45-8E4E80EDB339}.Debug|iPhoneSimulator.Deploy.0 = Debug|iPhoneSimulator
		{477EC942-28E2-4649-BA45-8E4E80EDB339}.Debug|x64.ActiveCfg = Debug|iPhone
		{477EC942-28E2-4649-BA45-8E4E80EDB339}.Debug|x64.Build.0 = Debug|iPhone
		{477EC942-28E2-4649-BA45-8E4E80EDB339}.Debug|x64.Deploy.0 = Debug|iPhone
		{477EC942-28E2-4649-BA45-8E4E80EDB339}.Debug|x86.ActiveCfg = Debug|iPhone
		{477EC942-28E2-4649-BA45-8E4E80EDB339}.Debug|x86.Build.0 = Debug|iPhone
		{477EC942-28E2-4649-BA45-8E4E80EDB339}.Debug|x86.Deploy.0 = Debug|iPhone
		{477EC942-28E2-4649-BA45-8E4E80EDB339}.Release|Any CPU.ActiveCfg = Release|iPhone
		{477EC942-28E2-4649-BA45-8E4E80EDB339}.Release|Any CPU.Build.0 = Release|iPhone
		{477EC942-28E2-4649-BA45-8E4E80EDB339}.Release|Any CPU.Deploy.0 = Release|iPhone
		{477EC942-28E2-4649-BA45-8E4E80EDB339}.Release|ARM.ActiveCfg = Release|iPhone
		{477EC942-28E2-4649-BA45-8E4E80EDB339}.Release|ARM.Build.0 = Release|iPhone
		{477EC942-28E2-4649-BA45-8E4E80EDB339}.Release|ARM.Deploy.0 = Release|iPhone
		{477EC942-28E2-4649-BA45-8E4E80EDB339}.Release|iPhone.ActiveCfg = Release|iPhone
		{477EC942-28E2-4649-BA45-8E4E80EDB339}.Release|iPhone.Build.0 = Release|iPhone
		{477EC942-28E2-4649-BA45-8E4E80EDB339}.Release|iPhone.Deploy.0 = Release|iPhone
		{477EC942-28E2-4649-BA45-8E4E80EDB339}.Release|iPhoneSimulator.ActiveCfg = Release|iPhoneSimulator
		{477EC942-28E2-4649-BA45-8E4E80EDB339}.Release|iPhoneSimulator.Build.0 = Release|iPhoneSimulator
		{477EC942-28E2-4649-BA45-8E4E80EDB339}.Release|iPhoneSimulator.Deploy.0 = Release|iPhoneSimulator
		{477EC942-28E2-4649-BA45-8E4E80EDB339}.Release|x64.ActiveCfg = Release|iPhone
		{477EC942-28E2-4649-BA45-8E4E80EDB339}.Release|x64.Build.0 = Release|iPhone
		{477EC942-28E2-4649-BA45-8E4E80EDB339}.Release|x64.Deploy.0 = Release|iPhone
		{477EC942-28E2-4649-BA45-8E4E80EDB339}.Release|x86.ActiveCfg = Release|iPhone
		{477EC942-28E2-4649-BA45-8E4E80EDB339}.Release|x86.Build.0 = Release|iPhone
		{477EC942-28E2-4649-BA45-8E4E80EDB339}.Release|x86.Deploy.0 = Release|iPhone
		{03E9BAF5-8965-426C-9283-C09B85D7E0F6}.Debug|Any CPU.ActiveCfg = Debug|x86
		{03E9BAF5-8965-426C-9283-C09B85D7E0F6}.Debug|Any CPU.Build.0 = Debug|x86
		{03E9BAF5-8965-426C-9283-C09B85D7E0F6}.Debug|Any CPU.Deploy.0 = Debug|x86
		{03E9BAF5-8965-426C-9283-C09B85D7E0F6}.Debug|ARM.ActiveCfg = Debug|ARM
		{03E9BAF5-8965-426C-9283-C09B85D7E0F6}.Debug|ARM.Build.0 = Debug|ARM
		{03E9BAF5-8965-426C-9283-C09B85D7E0F6}.Debug|ARM.Deploy.0 = Debug|ARM
		{03E9BAF5-8965-426C-9283-C09B85D7E0F6}.Debug|iPhone.ActiveCfg = Debug|x86
		{03E9BAF5-8965-426C-9283-C09B85D7E0F6}.Debug|iPhone.Build.0 = Debug|x86
		{03E9BAF5-8965-426C-9283-C09B85D7E0F6}.Debug|iPhone.Deploy.0 = Debug|x86
		{03E9BAF5-8965-426C-9283-C09B85D7E0F6}.Debug|iPhoneSimulator.ActiveCfg = Debug|x86
		{03E9BAF5-8965-426C-9283-C09B85D7E0F6}.Debug|iPhoneSimulator.Build.0 = Debug|x86
		{03E9BAF5-8965-426C-9283-C09B85D7E0F6}.Debug|iPhoneSimulator.Deploy.0 = Debug|x86
		{03E9BAF5-8965-426C-9283-C09B85D7E0F6}.Debug|x64.ActiveCfg = Debug|x64
		{03E9BAF5-8965-426C-9283-C09B85D7E0F6}.Debug|x64.Build.0 = Debug|x64
		{03E9BAF5-8965-426C-9283-C09B85D7E0F6}.Debug|x64.Deploy.0 = Debug|x64
		{03E9BAF5-8965-426C-9283-C09B85D7E0F6}.Debug|x86.ActiveCfg = Debug|x86
		{03E9BAF5-8965-426C-9283-C09B85D7E0F6}.Debug|x86.Build.0 = Debug|x86
		{03E9BAF5-8965-426C-9283-C09B85D7E0F6}.Debug|x86.Deploy.0 = Debug|x86
		{03E9BAF5-8965-426C-9283-C09B85D7E0F6}.Release|Any CPU.ActiveCfg = Release|x86
		{03E9BAF5-8965-426C-9283-C09B85D7E0F6}.Release|Any CPU.Build.0 = Release|x86
		{03E9BAF5-8965-426C-9283-C09B85D7E0F6}.Release|Any CPU.Deploy.0 = Release|x86
		{03E9BAF5-8965-426C-9283-C09B85D7E0F6}.Release|ARM.ActiveCfg = Release|ARM
		{03E9BAF5-8965-426C-9283-C09B85D7E0F6}.Release|ARM.Build.0 = Release|ARM
		{03E9BAF5-8965-426C-9283-C09B85D7E0F6}.Release|ARM.Deploy.0 = Release|ARM
		{03E9BAF5-8965-426C-9283-C09B85D7E0F6}.Release|iPhone.ActiveCfg = Release|x86
		{03E9BAF5-8965-426C-9283-C09B85D7E0F6}.Release|iPhone.Build.0 = Release|x86
		{03E9BAF5-8965-426C-9283-C09B85D7E0F6}.Release|iPhone.Deploy.0 = Release|x86
		{03E9BAF5-8965-426C-9283-C09B85D7E0F6}.Release|iPhoneSimulator.ActiveCfg = Release|x86
		{03E9BAF5-8965-426C-9283-C09B85D7E0F6}.Release|iPhoneSimulator.Build.0 = Release|x86
		{03E9BAF5-8965-426C-9283-C09B85D7E0F6}.Release|iPhoneSimulator.Deploy.0 = Release|x86
		{03E9BAF5-8965-426C-9283-C09B85D7E0F6}.Release|x64.ActiveCfg = Release|x64
		{03E9BAF5-8965-426C-9283-C09B85D7E0F6}.Release|x64.Build.0 = Release|x64
		{03E9BAF5-8965-426C-9283-C09B85D7E0F6}.Release|x64.Deploy.0 = Release|x64
		{03E9BAF5-8965-426C-9283-C09B85D7E0F6}.Release|x86.ActiveCfg = Release|x86
		{03E9BAF5-8965-426C-9283-C09B85D7E0F6}.Release|x86.Build.0 = Release|x86
		{03E9BAF5-8965-426C-9283-C09B85D7E0F6}.Release|x86.Deploy.0 = Release|x86
	EndGlobalSection
	GlobalSection(SolutionProperties) = preSolution
		HideSolutionNode = FALSE
	EndGlobalSection
	GlobalSection(ExtensibilityGlobals) = postSolution
		SolutionGuid = {6D929DA9-29DA-4F88-BAD1-80B4EE654F9F}
	EndGlobalSection
EndGlobal
