
Microsoft Visual Studio Solution File, Format Version 12.00
# Visual Studio 15
Project("{FAE04EC0-301F-11D3-BF4B-00C04F79EFBC}") = "P2PListSync.iOS", "P2PListSync\P2PListSync.iOS\P2PListSync.iOS.csproj", "{F7E8526B-5C0B-4246-8557-D4F5225A252C}"
EndProject
Project("{9A19103F-16F7-4668-BE54-9A1E7A4F7556}") = "P2PListSync", "P2PListSync\p2pListSync\P2PListSync.csproj", "{8FDF3EFF-2DA5-4558-B1CB-0F7ECA7F4B59}"
EndProject
Project("{FAE04EC0-301F-11D3-BF4B-00C04F79EFBC}") = "P2PListSync.Android", "P2PListSync\P2PListSync.Android\P2PListSync.Android.csproj", "{DE1643F6-81DC-401A-8E86-8C8678003CCD}"
EndProject
Project("{FAE04EC0-301F-11D3-BF4B-00C04F79EFBC}") = "P2PListSync.UWP", "p2pListSync\p2pListSync.UWP\P2PListSync.UWP.csproj", "{03E9BAF5-8965-426C-9283-C09B85D7E0F6}"
EndProject
Global
	GlobalSection(SolutionConfigurationPlatforms) = preSolution
		Debug|Any CPU = Debug|Any CPU
		Debug|ARM = Debug|ARM
		Debug|iPhone = Debug|iPhone
		Debug|iPhoneSimulator = Debug|iPhoneSimulator
		Debug|x64 = Debug|x64
		Debug|x86 = Debug|x86
		Release|Any CPU = Release|Any CPU
		Release|ARM = Release|ARM
		Release|iPhone = Release|iPhone
		Release|iPhoneSimulator = Release|iPhoneSimulator
		Release|x64 = Release|x64
		Release|x86 = Release|x86
	EndGlobalSection
	GlobalSection(ProjectConfigurationPlatforms) = postSolution
		{F7E8526B-5C0B-4246-8557-D4F5225A252C}.Debug|Any CPU.ActiveCfg = Debug|iPhoneSimulator
		{F7E8526B-5C0B-4246-8557-D4F5225A252C}.Debug|ARM.ActiveCfg = Debug|iPhoneSimulator
		{F7E8526B-5C0B-4246-8557-D4F5225A252C}.Debug|iPhone.ActiveCfg = Debug|iPhone
		{F7E8526B-5C0B-4246-8557-D4F5225A252C}.Debug|iPhone.Build.0 = Debug|iPhone
		{F7E8526B-5C0B-4246-8557-D4F5225A252C}.Debug|iPhoneSimulator.ActiveCfg = Debug|iPhoneSimulator
		{F7E8526B-5C0B-4246-8557-D4F5225A252C}.Debug|iPhoneSimulator.Build.0 = Debug|iPhoneSimulator
		{F7E8526B-5C0B-4246-8557-D4F5225A252C}.Debug|x64.ActiveCfg = Debug|iPhoneSimulator
		{F7E8526B-5C0B-4246-8557-D4F5225A252C}.Debug|x86.ActiveCfg = Debug|iPhoneSimulator
		{F7E8526B-5C0B-4246-8557-D4F5225A252C}.Release|Any CPU.ActiveCfg = Release|iPhoneSimulator
		{F7E8526B-5C0B-4246-8557-D4F5225A252C}.Release|ARM.ActiveCfg = Release|iPhoneSimulator
		{F7E8526B-5C0B-4246-8557-D4F5225A252C}.Release|iPhone.ActiveCfg = Release|iPhone
		{F7E8526B-5C0B-4246-8557-D4F5225A252C}.Release|iPhone.Build.0 = Release|iPhone
		{F7E8526B-5C0B-4246-8557-D4F5225A252C}.Release|iPhoneSimulator.ActiveCfg = Release|iPhoneSimulator
		{F7E8526B-5C0B-4246-8557-D4F5225A252C}.Release|iPhoneSimulator.Build.0 = Release|iPhoneSimulator
		{F7E8526B-5C0B-4246-8557-D4F5225A252C}.Release|x64.ActiveCfg = Release|iPhoneSimulator
		{F7E8526B-5C0B-4246-8557-D4F5225A252C}.Release|x86.ActiveCfg = Release|iPhoneSimulator
		{8FDF3EFF-2DA5-4558-B1CB-0F7ECA7F4B59}.Debug|Any CPU.ActiveCfg = Debug|Any CPU
		{8FDF3EFF-2DA5-4558-B1CB-0F7ECA7F4B59}.Debug|Any CPU.Build.0 = Debug|Any CPU
		{8FDF3EFF-2DA5-4558-B1CB-0F7ECA7F4B59}.Debug|ARM.ActiveCfg = Debug|Any CPU
		{8FDF3EFF-2DA5-4558-B1CB-0F7ECA7F4B59}.Debug|ARM.Build.0 = Debug|Any CPU
		{8FDF3EFF-2DA5-4558-B1CB-0F7ECA7F4B59}.Debug|iPhone.ActiveCfg = Debug|Any CPU
		{8FDF3EFF-2DA5-4558-B1CB-0F7ECA7F4B59}.Debug|iPhone.Build.0 = Debug|Any CPU
		{8FDF3EFF-2DA5-4558-B1CB-0F7ECA7F4B59}.Debug|iPhoneSimulator.ActiveCfg = Debug|Any CPU
		{8FDF3EFF-2DA5-4558-B1CB-0F7ECA7F4B59}.Debug|iPhoneSimulator.Build.0 = Debug|Any CPU
		{8FDF3EFF-2DA5-4558-B1CB-0F7ECA7F4B59}.Debug|x64.ActiveCfg = Debug|Any CPU
		{8FDF3EFF-2DA5-4558-B1CB-0F7ECA7F4B59}.Debug|x64.Build.0 = Debug|Any CPU
		{8FDF3EFF-2DA5-4558-B1CB-0F7ECA7F4B59}.Debug|x86.ActiveCfg = Debug|Any CPU
		{8FDF3EFF-2DA5-4558-B1CB-0F7ECA7F4B59}.Debug|x86.Build.0 = Debug|Any CPU
		{8FDF3EFF-2DA5-4558-B1CB-0F7ECA7F4B59}.Release|Any CPU.ActiveCfg = Release|Any CPU
		{8FDF3EFF-2DA5-4558-B1CB-0F7ECA7F4B59}.Release|Any CPU.Build.0 = Release|Any CPU
		{8FDF3EFF-2DA5-4558-B1CB-0F7ECA7F4B59}.Release|ARM.ActiveCfg = Release|Any CPU
		{8FDF3EFF-2DA5-4558-B1CB-0F7ECA7F4B59}.Release|ARM.Build.0 = Release|Any CPU
		{8FDF3EFF-2DA5-4558-B1CB-0F7ECA7F4B59}.Release|iPhone.ActiveCfg = Release|Any CPU
		{8FDF3EFF-2DA5-4558-B1CB-0F7ECA7F4B59}.Release|iPhone.Build.0 = Release|Any CPU
		{8FDF3EFF-2DA5-4558-B1CB-0F7ECA7F4B59}.Release|iPhoneSimulator.ActiveCfg = Release|Any CPU
		{8FDF3EFF-2DA5-4558-B1CB-0F7ECA7F4B59}.Release|iPhoneSimulator.Build.0 = Release|Any CPU
		{8FDF3EFF-2DA5-4558-B1CB-0F7ECA7F4B59}.Release|x64.ActiveCfg = Release|Any CPU
		{8FDF3EFF-2DA5-4558-B1CB-0F7ECA7F4B59}.Release|x64.Build.0 = Release|Any CPU
		{8FDF3EFF-2DA5-4558-B1CB-0F7ECA7F4B59}.Release|x86.ActiveCfg = Release|Any CPU
		{8FDF3EFF-2DA5-4558-B1CB-0F7ECA7F4B59}.Release|x86.Build.0 = Release|Any CPU
		{DE1643F6-81DC-401A-8E86-8C8678003CCD}.Debug|Any CPU.ActiveCfg = Debug|Any CPU
		{DE1643F6-81DC-401A-8E86-8C8678003CCD}.Debug|Any CPU.Build.0 = Debug|Any CPU
		{DE1643F6-81DC-401A-8E86-8C8678003CCD}.Debug|Any CPU.Deploy.0 = Debug|Any CPU
		{DE1643F6-81DC-401A-8E86-8C8678003CCD}.Debug|ARM.ActiveCfg = Debug|Any CPU
		{DE1643F6-81DC-401A-8E86-8C8678003CCD}.Debug|ARM.Build.0 = Debug|Any CPU
		{DE1643F6-81DC-401A-8E86-8C8678003CCD}.Debug|ARM.Deploy.0 = Debug|Any CPU
		{DE1643F6-81DC-401A-8E86-8C8678003CCD}.Debug|iPhone.ActiveCfg = Debug|Any CPU
		{DE1643F6-81DC-401A-8E86-8C8678003CCD}.Debug|iPhone.Build.0 = Debug|Any CPU
		{DE1643F6-81DC-401A-8E86-8C8678003CCD}.Debug|iPhone.Deploy.0 = Debug|Any CPU
		{DE1643F6-81DC-401A-8E86-8C8678003CCD}.Debug|iPhoneSimulator.ActiveCfg = Debug|Any CPU
		{DE1643F6-81DC-401A-8E86-8C8678003CCD}.Debug|iPhoneSimulator.Build.0 = Debug|Any CPU
		{DE1643F6-81DC-401A-8E86-8C8678003CCD}.Debug|iPhoneSimulator.Deploy.0 = Debug|Any CPU
		{DE1643F6-81DC-401A-8E86-8C8678003CCD}.Debug|x64.ActiveCfg = Debug|Any CPU
		{DE1643F6-81DC-401A-8E86-8C8678003CCD}.Debug|x64.Build.0 = Debug|Any CPU
		{DE1643F6-81DC-401A-8E86-8C8678003CCD}.Debug|x64.Deploy.0 = Debug|Any CPU
		{DE1643F6-81DC-401A-8E86-8C8678003CCD}.Debug|x86.ActiveCfg = Debug|Any CPU
		{DE1643F6-81DC-401A-8E86-8C8678003CCD}.Debug|x86.Build.0 = Debug|Any CPU
		{DE1643F6-81DC-401A-8E86-8C8678003CCD}.Debug|x86.Deploy.0 = Debug|Any CPU
		{DE1643F6-81DC-401A-8E86-8C8678003CCD}.Release|Any CPU.ActiveCfg = Release|Any CPU
		{DE1643F6-81DC-401A-8E86-8C8678003CCD}.Release|Any CPU.Build.0 = Release|Any CPU
		{DE1643F6-81DC-401A-8E86-8C8678003CCD}.Release|Any CPU.Deploy.0 = Release|Any CPU
		{DE1643F6-81DC-401A-8E86-8C8678003CCD}.Release|ARM.ActiveCfg = Release|Any CPU
		{DE1643F6-81DC-401A-8E86-8C8678003CCD}.Release|ARM.Build.0 = Release|Any CPU
		{DE1643F6-81DC-401A-8E86-8C8678003CCD}.Release|ARM.Deploy.0 = Release|Any CPU
		{DE1643F6-81DC-401A-8E86-8C8678003CCD}.Release|iPhone.ActiveCfg = Release|Any CPU
		{DE1643F6-81DC-401A-8E86-8C8678003CCD}.Release|iPhone.Build.0 = Release|Any CPU
		{DE1643F6-81DC-401A-8E86-8C8678003CCD}.Release|iPhone.Deploy.0 = Release|Any CPU
		{DE1643F6-81DC-401A-8E86-8C8678003CCD}.Release|iPhoneSimulator.ActiveCfg = Release|Any CPU
		{DE1643F6-81DC-401A-8E86-8C8678003CCD}.Release|iPhoneSimulator.Build.0 = Release|Any CPU
		{DE1643F6-81DC-401A-8E86-8C8678003CCD}.Release|iPhoneSimulator.Deploy.0 = Release|Any CPU
		{DE1643F6-81DC-401A-8E86-8C8678003CCD}.Release|x64.ActiveCfg = Release|Any CPU
		{DE1643F6-81DC-401A-8E86-8C8678003CCD}.Release|x64.Build.0 = Release|Any CPU
		{DE1643F6-81DC-401A-8E86-8C8678003CCD}.Release|x64.Deploy.0 = Release|Any CPU
		{DE1643F6-81DC-401A-8E86-8C8678003CCD}.Release|x86.ActiveCfg = Release|Any CPU
		{DE1643F6-81DC-401A-8E86-8C8678003CCD}.Release|x86.Build.0 = Release|Any CPU
		{DE1643F6-81DC-401A-8E86-8C8678003CCD}.Release|x86.Deploy.0 = Release|Any CPU
		{03E9BAF5-8965-426C-9283-C09B85D7E0F6}.Debug|Any CPU.ActiveCfg = Debug|x86
		{03E9BAF5-8965-426C-9283-C09B85D7E0F6}.Debug|ARM.ActiveCfg = Debug|ARM
		{03E9BAF5-8965-426C-9283-C09B85D7E0F6}.Debug|ARM.Build.0 = Debug|ARM
		{03E9BAF5-8965-426C-9283-C09B85D7E0F6}.Debug|ARM.Deploy.0 = Debug|ARM
		{03E9BAF5-8965-426C-9283-C09B85D7E0F6}.Debug|iPhone.ActiveCfg = Debug|x86
		{03E9BAF5-8965-426C-9283-C09B85D7E0F6}.Debug|iPhoneSimulator.ActiveCfg = Debug|x86
		{03E9BAF5-8965-426C-9283-C09B85D7E0F6}.Debug|x64.ActiveCfg = Debug|x64
		{03E9BAF5-8965-426C-9283-C09B85D7E0F6}.Debug|x64.Build.0 = Debug|x64
		{03E9BAF5-8965-426C-9283-C09B85D7E0F6}.Debug|x64.Deploy.0 = Debug|x64
		{03E9BAF5-8965-426C-9283-C09B85D7E0F6}.Debug|x86.ActiveCfg = Debug|x86
		{03E9BAF5-8965-426C-9283-C09B85D7E0F6}.Debug|x86.Build.0 = Debug|x86
		{03E9BAF5-8965-426C-9283-C09B85D7E0F6}.Debug|x86.Deploy.0 = Debug|x86
		{03E9BAF5-8965-426C-9283-C09B85D7E0F6}.Release|Any CPU.ActiveCfg = Release|x86
		{03E9BAF5-8965-426C-9283-C09B85D7E0F6}.Release|ARM.ActiveCfg = Release|ARM
		{03E9BAF5-8965-426C-9283-C09B85D7E0F6}.Release|ARM.Build.0 = Release|ARM
		{03E9BAF5-8965-426C-9283-C09B85D7E0F6}.Release|ARM.Deploy.0 = Release|ARM
		{03E9BAF5-8965-426C-9283-C09B85D7E0F6}.Release|iPhone.ActiveCfg = Release|x86
		{03E9BAF5-8965-426C-9283-C09B85D7E0F6}.Release|iPhoneSimulator.ActiveCfg = Release|x86
		{03E9BAF5-8965-426C-9283-C09B85D7E0F6}.Release|x64.ActiveCfg = Release|x64
		{03E9BAF5-8965-426C-9283-C09B85D7E0F6}.Release|x64.Build.0 = Release|x64
		{03E9BAF5-8965-426C-9283-C09B85D7E0F6}.Release|x64.Deploy.0 = Release|x64
		{03E9BAF5-8965-426C-9283-C09B85D7E0F6}.Release|x86.ActiveCfg = Release|x86
		{03E9BAF5-8965-426C-9283-C09B85D7E0F6}.Release|x86.Build.0 = Release|x86
		{03E9BAF5-8965-426C-9283-C09B85D7E0F6}.Release|x86.Deploy.0 = Release|x86
	EndGlobalSection
EndGlobal
